// !$*UTF8*$!
{
	archiveVersion = 1;
	classes = {
	};
	objectVersion = 77;
	objects = {

/* Begin PBXBuildFile section */
		6C5A00042FE1000000000004 /* Supabase in Frameworks */ = {isa = PBXBuildFile; productRef = 6C5A00032FE1000000000003 /* Supabase */; };
/* End PBXBuildFile section */

/* Begin PBXContainerItemProxy section */
		6CB899632FBD7FA100D989D1 /* PBXContainerItemProxy */ = {
			isa = PBXContainerItemProxy;
			containerPortal = 6CB8994D2FBD7F9F00D989D1 /* Project object */;
			proxyType = 1;
			remoteGlobalIDString = 6CB899542FBD7F9F00D989D1;
			remoteInfo = "Travel Buddy";
		};
		6CB8996D2FBD7FA100D989D1 /* PBXContainerItemProxy */ = {
			isa = PBXContainerItemProxy;
			containerPortal = 6CB8994D2FBD7F9F00D989D1 /* Project object */;
			proxyType = 1;
			remoteGlobalIDString = 6CB899542FBD7F9F00D989D1;
			remoteInfo = "Travel Buddy";
		};
/* End PBXContainerItemProxy section */

/* Begin PBXFileReference section */
		6CB8990000000000000000A2 /* Secrets.example.xcconfig */ = {isa = PBXFileReference; lastKnownFileType = text.xcconfig; path = Secrets.example.xcconfig; sourceTree = "<group>"; };
		6CB899552FBD7F9F00D989D1 /* Travel Buddy.app */ = {isa = PBXFileReference; explicitFileType = wrapper.application; includeInIndex = 0; path = "Travel Buddy.app"; sourceTree = BUILT_PRODUCTS_DIR; };
		6CB899622FBD7FA100D989D1 /* Travel BuddyTests.xctest */ = {isa = PBXFileReference; explicitFileType = wrapper.cfbundle; includeInIndex = 0; path = "Travel BuddyTests.xctest"; sourceTree = BUILT_PRODUCTS_DIR; };
		6CB8996C2FBD7FA100D989D1 /* Travel BuddyUITests.xctest */ = {isa = PBXFileReference; explicitFileType = wrapper.cfbundle; includeInIndex = 0; path = "Travel BuddyUITests.xctest"; sourceTree = BUILT_PRODUCTS_DIR; };
		6CC3375D2FCFF326001F1EA4 /* Secrets.xcconfig */ = {isa = PBXFileReference; lastKnownFileType = text.xcconfig; path = Secrets.xcconfig; sourceTree = "<group>"; };
/* End PBXFileReference section */

/* Begin PBXFileSystemSynchronizedRootGroup section */
		6CB899572FBD7F9F00D989D1 /* Travel Buddy */ = {
			isa = PBXFileSystemSynchronizedRootGroup;
			path = "Travel Buddy";
			sourceTree = "<group>";
		};
		6CB899652FBD7FA100D989D1 /* Travel BuddyTests */ = {
			isa = PBXFileSystemSynchronizedRootGroup;
			path = "Travel BuddyTests";
			sourceTree = "<group>";
		};
		6CB8996F2FBD7FA100D989D1 /* Travel BuddyUITests */ = {
			isa = PBXFileSystemSynchronizedRootGroup;
			path = "Travel BuddyUITests";
			sourceTree = "<group>";
		};
/* End PBXFileSystemSynchronizedRootGroup section */

/* Begin PBXFrameworksBuildPhase section */
		6CB899522FBD7F9F00D989D1 /* Frameworks */ = {
			isa = PBXFrameworksBuildPhase;
			buildActionMask = 2147483647;
			files = (
				6C5A00042FE1000000000004 /* Supabase in Frameworks */,
			);
			runOnlyForDeploymentPostprocessing = 0;
		};
		6CB8995F2FBD7FA100D989D1 /* Frameworks */ = {
			isa = PBXFrameworksBuildPhase;
			buildActionMask = 2147483647;
			files = (
			);
			runOnlyForDeploymentPostprocessing = 0;
		};
		6CB899692FBD7FA100D989D1 /* Frameworks */ = {
			isa = PBXFrameworksBuildPhase;
			buildActionMask = 2147483647;
			files = (
			);
			runOnlyForDeploymentPostprocessing = 0;
		};
/* End PBXFrameworksBuildPhase section */

/* Begin PBXGroup section */
		6CB8994C2FBD7F9F00D989D1 = {
			isa = PBXGroup;
			children = (
				6CB8990000000000000000A2 /* Secrets.example.xcconfig */,
				6CC3375D2FCFF326001F1EA4 /* Secrets.xcconfig */,
				6CB899572FBD7F9F00D989D1 /* Travel Buddy */,
				6CB899652FBD7FA100D989D1 /* Travel BuddyTests */,
				6CB8996F2FBD7FA100D989D1 /* Travel BuddyUITests */,
				6CB899562FBD7F9F00D989D1 /* Products */,
			);
			sourceTree = "<group>";
		};
		6CB899562FBD7F9F00D989D1 /* Products */ = {
			isa = PBXGroup;
			children = (
				6CB899552FBD7F9F00D989D1 /* Travel Buddy.app */,
				6CB899622FBD7FA100D989D1 /* Travel BuddyTests.xctest */,
				6CB8996C2FBD7FA100D989D1 /* Travel BuddyUITests.xctest */,
			);
			name = Products;
			sourceTree = "<group>";
		};
/* End PBXGroup section */

/* Begin PBXNativeTarget section */
		6CB899542FBD7F9F00D989D1 /* Travel Buddy */ = {
			isa = PBXNativeTarget;
			buildConfigurationList = 6CB899762FBD7FA100D989D1 /* Build configuration list for PBXNativeTarget "Travel Buddy" */;
			buildPhases = (
				6CB899512FBD7F9F00D989D1 /* Sources */,
				6CB899522FBD7F9F00D989D1 /* Frameworks */,
				6CB899532FBD7F9F00D989D1 /* Resources */,
			);
			buildRules = (
			);
			dependencies = (
			);
			fileSystemSynchronizedGroups = (
				6CB899572FBD7F9F00D989D1 /* Travel Buddy */,
			);
			name = "Travel Buddy";
			packageProductDependencies = (
				6C5A00032FE1000000000003 /* Supabase */,
			);
			productName = "Travel Buddy";
			productReference = 6CB899552FBD7F9F00D989D1 /* Travel Buddy.app */;
			productType = "com.apple.product-type.application";
		};
		6CB899612FBD7FA100D989D1 /* Travel BuddyTests */ = {
			isa = PBXNativeTarget;
			buildConfigurationList = 6CB899792FBD7FA100D989D1 /* Build configuration list for PBXNativeTarget "Travel BuddyTests" */;
			buildPhases = (
				6CB8995E2FBD7FA100D989D1 /* Sources */,
				6CB8995F2FBD7FA100D989D1 /* Frameworks */,
				6CB899602FBD7FA100D989D1 /* Resources */,
			);
			buildRules = (
			);
			dependencies = (
				6CB899642FBD7FA100D989D1 /* PBXTargetDependency */,
			);
			fileSystemSynchronizedGroups = (
				6CB899652FBD7FA100D989D1 /* Travel BuddyTests */,
			);
			name = "Travel BuddyTests";
			packageProductDependencies = (
			);
			productName = "Travel BuddyTests";
			productReference = 6CB899622FBD7FA100D989D1 /* Travel BuddyTests.xctest */;
			productType = "com.apple.product-type.bundle.unit-test";
		};
		6CB8996B2FBD7FA100D989D1 /* Travel BuddyUITests */ = {
			isa = PBXNativeTarget;
			buildConfigurationList = 6CB8997C2FBD7FA100D989D1 /* Build configuration list for PBXNativeTarget "Travel BuddyUITests" */;
			buildPhases = (
				6CB899682FBD7FA100D989D1 /* Sources */,
				6CB899692FBD7FA100D989D1 /* Frameworks */,
				6CB8996A2FBD7FA100D989D1 /* Resources */,
			);
			buildRules = (
			);
			dependencies = (
				6CB8996E2FBD7FA100D989D1 /* PBXTargetDependency */,
			);
			fileSystemSynchronizedGroups = (
				6CB8996F2FBD7FA100D989D1 /* Travel BuddyUITests */,
			);
			name = "Travel BuddyUITests";
			packageProductDependencies = (
			);
			productName = "Travel BuddyUITests";
			productReference = 6CB8996C2FBD7FA100D989D1 /* Travel BuddyUITests.xctest */;
			productType = "com.apple.product-type.bundle.ui-testing";
		};
/* End PBXNativeTarget section */

/* Begin PBXProject section */
		6CB8994D2FBD7F9F00D989D1 /* Project object */ = {
			isa = PBXProject;
			attributes = {
				BuildIndependentTargetsInParallel = 1;
				LastSwiftUpdateCheck = 2650;
				LastUpgradeCheck = 2650;
				TargetAttributes = {
					6CB899542FBD7F9F00D989D1 = {
						CreatedOnToolsVersion = 26.5;
					};
					6CB899612FBD7FA100D989D1 = {
						CreatedOnToolsVersion = 26.5;
						TestTargetID = 6CB899542FBD7F9F00D989D1;
					};
					6CB8996B2FBD7FA100D989D1 = {
						CreatedOnToolsVersion = 26.5;
						TestTargetID = 6CB899542FBD7F9F00D989D1;
					};
				};
			};
			buildConfigurationList = 6CB899502FBD7F9F00D989D1 /* Build configuration list for PBXProject "Travel Buddy" */;
			developmentRegion = en;
			hasScannedForEncodings = 0;
			knownRegions = (
				en,
				Base,
			);
			mainGroup = 6CB8994C2FBD7F9F00D989D1;
			minimizedProjectReferenceProxies = 1;
			packageReferences = (
				6C5A00022FE1000000000002 /* XCRemoteSwiftPackageReference "supabase-swift" */,
			);
			preferredProjectObjectVersion = 77;
			productRefGroup = 6CB899562FBD7F9F00D989D1 /* Products */;
			projectDirPath = "";
			projectRoot = "";
			targets = (
				6CB899542FBD7F9F00D989D1 /* Travel Buddy */,
				6CB899612FBD7FA100D989D1 /* Travel BuddyTests */,
				6CB8996B2FBD7FA100D989D1 /* Travel BuddyUITests */,
			);
		};
/* End PBXProject section */

/* Begin PBXResourcesBuildPhase section */
		6CB899532FBD7F9F00D989D1 /* Resources */ = {
			isa = PBXResourcesBuildPhase;
			buildActionMask = 2147483647;
			files = (
			);
			runOnlyForDeploymentPostprocessing = 0;
		};
		6CB899602FBD7FA100D989D1 /* Resources */ = {
			isa = PBXResourcesBuildPhase;
			buildActionMask = 2147483647;
			files = (
			);
			runOnlyForDeploymentPostprocessing = 0;
		};
		6CB8996A2FBD7FA100D989D1 /* Resources */ = {
			isa = PBXResourcesBuildPhase;
			buildActionMask = 2147483647;
			files = (
			);
			runOnlyForDeploymentPostprocessing = 0;
		};
/* End PBXResourcesBuildPhase section */

/* Begin PBXSourcesBuildPhase section */
		6CB899512FBD7F9F00D989D1 /* Sources */ = {
			isa = PBXSourcesBuildPhase;
			buildActionMask = 2147483647;
			files = (
			);
			runOnlyForDeploymentPostprocessing = 0;
		};
		6CB8995E2FBD7FA100D989D1 /* Sources */ = {
			isa = PBXSourcesBuildPhase;
			buildActionMask = 2147483647;
			files = (
			);
			runOnlyForDeploymentPostprocessing = 0;
		};
		6CB899682FBD7FA100D989D1 /* Sources */ = {
			isa = PBXSourcesBuildPhase;
			buildActionMask = 2147483647;
			files = (
			);
			runOnlyForDeploymentPostprocessing = 0;
		};
/* End PBXSourcesBuildPhase section */

/* Begin PBXTargetDependency section */
		6CB899642FBD7FA100D989D1 /* PBXTargetDependency */ = {
			isa = PBXTargetDependency;
			target = 6CB899542FBD7F9F00D989D1 /* Travel Buddy */;
			targetProxy = 6CB899632FBD7FA100D989D1 /* PBXContainerItemProxy */;
		};
		6CB8996E2FBD7FA100D989D1 /* PBXTargetDependency */ = {
			isa = PBXTargetDependency;
			target = 6CB899542FBD7F9F00D989D1 /* Travel Buddy */;
			targetProxy = 6CB8996D2FBD7FA100D989D1 /* PBXContainerItemProxy */;
		};
/* End PBXTargetDependency section */

/* Begin XCBuildConfiguration section */
		6CB899742FBD7FA100D989D1 /* Debug */ = {
			isa = XCBuildConfiguration;
			baseConfigurationReference = 6CC3375D2FCFF326001F1EA4 /* Secrets.xcconfig */;
			buildSettings = {
				ALWAYS_SEARCH_USER_PATHS = NO;
				ASSETCATALOG_COMPILER_GENERATE_SWIFT_ASSET_SYMBOL_EXTENSIONS = YES;
				CLANG_ANALYZER_NONNULL = YES;
				CLANG_ANALYZER_NUMBER_OBJECT_CONVERSION = YES_AGGRESSIVE;
				CLANG_CXX_LANGUAGE_STANDARD = "gnu++20";
				CLANG_ENABLE_MODULES = YES;
				CLANG_ENABLE_OBJC_ARC = YES;
				CLANG_ENABLE_OBJC_WEAK = YES;
				CLANG_WARN_BLOCK_CAPTURE_AUTORELEASING = YES;
				CLANG_WARN_BOOL_CONVERSION = YES;
				CLANG_WARN_COMMA = YES;
				CLANG_WARN_CONSTANT_CONVERSION = YES;
				CLANG_WARN_DEPRECATED_OBJC_IMPLEMENTATIONS = YES;
				CLANG_WARN_DIRECT_OBJC_ISA_USAGE = YES_ERROR;
				CLANG_WARN_DOCUMENTATION_COMMENTS = YES;
				CLANG_WARN_EMPTY_BODY = YES;
				CLANG_WARN_ENUM_CONVERSION = YES;
				CLANG_WARN_INFINITE_RECURSION = YES;
				CLANG_WARN_INT_CONVERSION = YES;
				CLANG_WARN_NON_LITERAL_NULL_CONVERSION = YES;
				CLANG_WARN_OBJC_IMPLICIT_RETAIN_SELF = YES;
				CLANG_WARN_OBJC_LITERAL_CONVERSION = YES;
				CLANG_WARN_OBJC_ROOT_CLASS = YES_ERROR;
				CLANG_WARN_QUOTED_INCLUDE_IN_FRAMEWORK_HEADER = YES;
				CLANG_WARN_RANGE_LOOP_ANALYSIS = YES;
				CLANG_WARN_STRICT_PROTOTYPES = YES;
				CLANG_WARN_SUSPICIOUS_MOVE = YES;
				CLANG_WARN_UNGUARDED_AVAILABILITY = YES_AGGRESSIVE;
				CLANG_WARN_UNREACHABLE_CODE = YES;
				CLANG_WARN__DUPLICATE_METHOD_MATCH = YES;
				COPY_PHASE_STRIP = NO;
				DEBUG_INFORMATION_FORMAT = dwarf;
				ENABLE_STRICT_OBJC_MSGSEND = YES;
				ENABLE_TESTABILITY = YES;
				ENABLE_USER_SCRIPT_SANDBOXING = YES;
				GCC_C_LANGUAGE_STANDARD = gnu17;
				GCC_DYNAMIC_NO_PIC = NO;
				GCC_NO_COMMON_BLOCKS = YES;
				GCC_OPTIMIZATION_LEVEL = 0;
				GCC_PREPROCESSOR_DEFINITIONS = (
					"DEBUG=1",
					"$(inherited)",
				);
				GCC_WARN_64_TO_32_BIT_CONVERSION = YES;
				GCC_WARN_ABOUT_RETURN_TYPE = YES_ERROR;
				GCC_WARN_UNDECLARED_SELECTOR = YES;
				GCC_WARN_UNINITIALIZED_AUTOS = YES_AGGRESSIVE;
				GCC_WARN_UNUSED_FUNCTION = YES;
				GCC_WARN_UNUSED_VARIABLE = YES;
				IPHONEOS_DEPLOYMENT_TARGET = 26.5;
				LOCALIZATION_PREFERS_STRING_CATALOGS = YES;
				MTL_ENABLE_DEBUG_INFO = INCLUDE_SOURCE;
				MTL_FAST_MATH = YES;
				ONLY_ACTIVE_ARCH = YES;
				SDKROOT = iphoneos;
				SWIFT_ACTIVE_COMPILATION_CONDITIONS = "DEBUG $(inherited)";
				SWIFT_OPTIMIZATION_LEVEL = "-Onone";
			};
			name = Debug;
		};
		6CB899752FBD7FA100D989D1 /* Release */ = {
			isa = XCBuildConfiguration;
			baseConfigurationReference = 6CC3375D2FCFF326001F1EA4 /* Secrets.xcconfig */;
			buildSettings = {
				ALWAYS_SEARCH_USER_PATHS = NO;
				ASSETCATALOG_COMPILER_GENERATE_SWIFT_ASSET_SYMBOL_EXTENSIONS = YES;
				CLANG_ANALYZER_NONNULL = YES;
				CLANG_ANALYZER_NUMBER_OBJECT_CONVERSION = YES_AGGRESSIVE;
				CLANG_CXX_LANGUAGE_STANDARD = "gnu++20";
				CLANG_ENABLE_MODULES = YES;
				CLANG_ENABLE_OBJC_ARC = YES;
				CLANG_ENABLE_OBJC_WEAK = YES;
				CLANG_WARN_BLOCK_CAPTURE_AUTORELEASING = YES;
				CLANG_WARN_BOOL_CONVERSION = YES;
				CLANG_WARN_COMMA = YES;
				CLANG_WARN_CONSTANT_CONVERSION = YES;
				CLANG_WARN_DEPRECATED_OBJC_IMPLEMENTATIONS = YES;
				CLANG_WARN_DIRECT_OBJC_ISA_USAGE = YES_ERROR;
				CLANG_WARN_DOCUMENTATION_COMMENTS = YES;
				CLANG_WARN_EMPTY_BODY = YES;
				CLANG_WARN_ENUM_CONVERSION = YES;
				CLANG_WARN_INFINITE_RECURSION = YES;
				CLANG_WARN_INT_CONVERSION = YES;
				CLANG_WARN_NON_LITERAL_NULL_CONVERSION = YES;
				CLANG_WARN_OBJC_IMPLICIT_RETAIN_SELF = YES;
				CLANG_WARN_OBJC_LITERAL_CONVERSION = YES;
				CLANG_WARN_OBJC_ROOT_CLASS = YES_ERROR;
				CLANG_WARN_QUOTED_INCLUDE_IN_FRAMEWORK_HEADER = YES;
				CLANG_WARN_RANGE_LOOP_ANALYSIS = YES;
				CLANG_WARN_STRICT_PROTOTYPES = YES;
				CLANG_WARN_SUSPICIOUS_MOVE = YES;
				CLANG_WARN_UNGUARDED_AVAILABILITY = YES_AGGRESSIVE;
				CLANG_WARN_UNREACHABLE_CODE = YES;
				CLANG_WARN__DUPLICATE_METHOD_MATCH = YES;
				COPY_PHASE_STRIP = NO;
				DEBUG_INFORMATION_FORMAT = "dwarf-with-dsym";
				ENABLE_NS_ASSERTIONS = NO;
				ENABLE_STRICT_OBJC_MSGSEND = YES;
				ENABLE_USER_SCRIPT_SANDBOXING = YES;
				GCC_C_LANGUAGE_STANDARD = gnu17;
				GCC_NO_COMMON_BLOCKS = YES;
				GCC_WARN_64_TO_32_BIT_CONVERSION = YES;
				GCC_WARN_ABOUT_RETURN_TYPE = YES_ERROR;
				GCC_WARN_UNDECLARED_SELECTOR = YES;
				GCC_WARN_UNINITIALIZED_AUTOS = YES_AGGRESSIVE;
				GCC_WARN_UNUSED_FUNCTION = YES;
				GCC_WARN_UNUSED_VARIABLE = YES;
				IPHONEOS_DEPLOYMENT_TARGET = 26.5;
				LOCALIZATION_PREFERS_STRING_CATALOGS = YES;
				MTL_ENABLE_DEBUG_INFO = NO;
				MTL_FAST_MATH = YES;
				SDKROOT = iphoneos;
				SWIFT_COMPILATION_MODE = wholemodule;
				VALIDATE_PRODUCT = YES;
			};
			name = Release;
		};
		6CB899772FBD7FA100D989D1 /* Debug */ = {
			isa = XCBuildConfiguration;
			baseConfigurationReference = 6CC3375D2FCFF326001F1EA4 /* Secrets.xcconfig */;
			buildSettings = {
				ASSETCATALOG_COMPILER_APPICON_NAME = AppIcon;
				ASSETCATALOG_COMPILER_GLOBAL_ACCENT_COLOR_NAME = AccentColor;
				CODE_SIGN_STYLE = Automatic;
				CURRENT_PROJECT_VERSION = 1;
				DEVELOPMENT_TEAM = NL42U265A4;
				ENABLE_PREVIEWS = YES;
				GENERATE_INFOPLIST_FILE = YES;
				INFOPLIST_FILE = "TravelBuddy-Info.plist";
				INFOPLIST_KEY_CFBundleDisplayName = Gloob;
				INFOPLIST_KEY_LSApplicationCategoryType = "public.app-category.travel";
				INFOPLIST_KEY_NSLocationAlwaysAndWhenInUseUsageDescription = "We need your location to find recommended local activities and groups of people that are relevant to you.";
				INFOPLIST_KEY_NSLocationWhenInUseUsageDescription = "We need your location to find recommended local activities and groups of people that are relevant to you.";
				INFOPLIST_KEY_UIApplicationSceneManifest_Generation = YES;
				INFOPLIST_KEY_UIApplicationSupportsIndirectInputEvents = YES;
				INFOPLIST_KEY_UILaunchScreen_Generation = YES;
				INFOPLIST_KEY_UISupportedInterfaceOrientations_iPad = "UIInterfaceOrientationPortrait UIInterfaceOrientationPortraitUpsideDown UIInterfaceOrientationLandscapeLeft UIInterfaceOrientationLandscapeRight";
				INFOPLIST_KEY_UISupportedInterfaceOrientations_iPhone = "UIInterfaceOrientationPortrait UIInterfaceOrientationLandscapeLeft UIInterfaceOrientationLandscapeRight";
				LD_RUNPATH_SEARCH_PATHS = (
					"$(inherited)",
					"@executable_path/Frameworks",
				);
				MARKETING_VERSION = 1.0;
				PRODUCT_BUNDLE_IDENTIFIER = com.Gloob.Travel;
				PRODUCT_NAME = "$(TARGET_NAME)";
				STRING_CATALOG_GENERATE_SYMBOLS = YES;
				SWIFT_APPROACHABLE_CONCURRENCY = YES;
				SWIFT_DEFAULT_ACTOR_ISOLATION = MainActor;
				SWIFT_EMIT_LOC_STRINGS = YES;
				SWIFT_UPCOMING_FEATURE_MEMBER_IMPORT_VISIBILITY = YES;
				SWIFT_VERSION = 5.0;
				TARGETED_DEVICE_FAMILY = "1,2";
			};
			name = Debug;
		};
		6CB899782FBD7FA100D989D1 /* Release */ = {
			isa = XCBuildConfiguration;
			baseConfigurationReference = 6CC3375D2FCFF326001F1EA4 /* Secrets.xcconfig */;
			buildSettings = {
				ASSETCATALOG_COMPILER_APPICON_NAME = AppIcon;
				ASSETCATALOG_COMPILER_GLOBAL_ACCENT_COLOR_NAME = AccentColor;
				CODE_SIGN_STYLE = Automatic;
				CURRENT_PROJECT_VERSION = 1;
				DEVELOPMENT_TEAM = NL42U265A4;
				ENABLE_PREVIEWS = YES;
				GENERATE_INFOPLIST_FILE = YES;
				INFOPLIST_FILE = "TravelBuddy-Info.plist";
				INFOPLIST_KEY_CFBundleDisplayName = Gloob;
				INFOPLIST_KEY_LSApplicationCategoryType = "public.app-category.travel";
				INFOPLIST_KEY_NSLocationAlwaysAndWhenInUseUsageDescription = "We need your location to find recommended local activities and groups of people that are relevant to you.";
				INFOPLIST_KEY_NSLocationWhenInUseUsageDescription = "We need your location to find recommended local activities and groups of people that are relevant to you.";
				INFOPLIST_KEY_UIApplicationSceneManifest_Generation = YES;
				INFOPLIST_KEY_UIApplicationSupportsIndirectInputEvents = YES;
				INFOPLIST_KEY_UILaunchScreen_Generation = YES;
				INFOPLIST_KEY_UISupportedInterfaceOrientations_iPad = "UIInterfaceOrientationPortrait UIInterfaceOrientationPortraitUpsideDown UIInterfaceOrientationLandscapeLeft UIInterfaceOrientationLandscapeRight";
				INFOPLIST_KEY_UISupportedInterfaceOrientations_iPhone = "UIInterfaceOrientationPortrait UIInterfaceOrientationLandscapeLeft UIInterfaceOrientationLandscapeRight";
				LD_RUNPATH_SEARCH_PATHS = (
					"$(inherited)",
					"@executable_path/Frameworks",
				);
				MARKETING_VERSION = 1.0;
				PRODUCT_BUNDLE_IDENTIFIER = com.Gloob.Travel;
				PRODUCT_NAME = "$(TARGET_NAME)";
				STRING_CATALOG_GENERATE_SYMBOLS = YES;
				SWIFT_APPROACHABLE_CONCURRENCY = YES;
				SWIFT_DEFAULT_ACTOR_ISOLATION = MainActor;
				SWIFT_EMIT_LOC_STRINGS = YES;
				SWIFT_UPCOMING_FEATURE_MEMBER_IMPORT_VISIBILITY = YES;
				SWIFT_VERSION = 5.0;
				TARGETED_DEVICE_FAMILY = "1,2";
			};
			name = Release;
		};
		6CB8997A2FBD7FA100D989D1 /* Debug */ = {
			isa = XCBuildConfiguration;
			buildSettings = {
				BUNDLE_LOADER = "$(TEST_HOST)";
				CODE_SIGN_STYLE = Automatic;
				CURRENT_PROJECT_VERSION = 1;
				GENERATE_INFOPLIST_FILE = YES;
				IPHONEOS_DEPLOYMENT_TARGET = 26.5;
				MARKETING_VERSION = 1.0;
				PRODUCT_BUNDLE_IDENTIFIER = "com.Travel-BuddyTests";
				PRODUCT_NAME = "$(TARGET_NAME)";
				STRING_CATALOG_GENERATE_SYMBOLS = NO;
				SWIFT_APPROACHABLE_CONCURRENCY = YES;
				SWIFT_EMIT_LOC_STRINGS = NO;
				SWIFT_UPCOMING_FEATURE_MEMBER_IMPORT_VISIBILITY = YES;
				SWIFT_VERSION = 5.0;
				TARGETED_DEVICE_FAMILY = "1,2";
				TEST_HOST = "$(BUILT_PRODUCTS_DIR)/Travel Buddy.app/$(BUNDLE_EXECUTABLE_FOLDER_PATH)/Travel Buddy";
			};
			name = Debug;
		};
		6CB8997B2FBD7FA100D989D1 /* Release */ = {
			isa = XCBuildConfiguration;
			buildSettings = {
				BUNDLE_LOADER = "$(TEST_HOST)";
				CODE_SIGN_STYLE = Automatic;
				CURRENT_PROJECT_VERSION = 1;
				GENERATE_INFOPLIST_FILE = YES;
				IPHONEOS_DEPLOYMENT_TARGET = 26.5;
				MARKETING_VERSION = 1.0;
				PRODUCT_BUNDLE_IDENTIFIER = "com.Travel-BuddyTests";
				PRODUCT_NAME = "$(TARGET_NAME)";
				STRING_CATALOG_GENERATE_SYMBOLS = NO;
				SWIFT_APPROACHABLE_CONCURRENCY = YES;
				SWIFT_EMIT_LOC_STRINGS = NO;
				SWIFT_UPCOMING_FEATURE_MEMBER_IMPORT_VISIBILITY = YES;
				SWIFT_VERSION = 5.0;
				TARGETED_DEVICE_FAMILY = "1,2";
				TEST_HOST = "$(BUILT_PRODUCTS_DIR)/Travel Buddy.app/$(BUNDLE_EXECUTABLE_FOLDER_PATH)/Travel Buddy";
			};
			name = Release;
		};
		6CB8997D2FBD7FA100D989D1 /* Debug */ = {
			isa = XCBuildConfiguration;
			buildSettings = {
				CODE_SIGN_STYLE = Automatic;
				CURRENT_PROJECT_VERSION = 1;
				GENERATE_INFOPLIST_FILE = YES;
				MARKETING_VERSION = 1.0;
				PRODUCT_BUNDLE_IDENTIFIER = "com.Travel-BuddyUITests";
				PRODUCT_NAME = "$(TARGET_NAME)";
				STRING_CATALOG_GENERATE_SYMBOLS = NO;
				SWIFT_APPROACHABLE_CONCURRENCY = YES;
				SWIFT_EMIT_LOC_STRINGS = NO;
				SWIFT_UPCOMING_FEATURE_MEMBER_IMPORT_VISIBILITY = YES;
				SWIFT_VERSION = 5.0;
				TARGETED_DEVICE_FAMILY = "1,2";
				TEST_TARGET_NAME = "Travel Buddy";
			};
			name = Debug;
		};
		6CB8997E2FBD7FA100D989D1 /* Release */ = {
			isa = XCBuildConfiguration;
			buildSettings = {
				CODE_SIGN_STYLE = Automatic;
				CURRENT_PROJECT_VERSION = 1;
				GENERATE_INFOPLIST_FILE = YES;
				MARKETING_VERSION = 1.0;
				PRODUCT_BUNDLE_IDENTIFIER = "com.Travel-BuddyUITests";
				PRODUCT_NAME = "$(TARGET_NAME)";
				STRING_CATALOG_GENERATE_SYMBOLS = NO;
				SWIFT_APPROACHABLE_CONCURRENCY = YES;
				SWIFT_EMIT_LOC_STRINGS = NO;
				SWIFT_UPCOMING_FEATURE_MEMBER_IMPORT_VISIBILITY = YES;
				SWIFT_VERSION = 5.0;
				TARGETED_DEVICE_FAMILY = "1,2";
				TEST_TARGET_NAME = "Travel Buddy";
			};
			name = Release;
		};
/* End XCBuildConfiguration section */

/* Begin XCConfigurationList section */
		6CB899502FBD7F9F00D989D1 /* Build configuration list for PBXProject "Travel Buddy" */ = {
			isa = XCConfigurationList;
			buildConfigurations = (
				6CB899742FBD7FA100D989D1 /* Debug */,
				6CB899752FBD7FA100D989D1 /* Release */,
			);
			defaultConfigurationIsVisible = 0;
			defaultConfigurationName = Release;
		};
		6CB899762FBD7FA100D989D1 /* Build configuration list for PBXNativeTarget "Travel Buddy" */ = {
			isa = XCConfigurationList;
			buildConfigurations = (
				6CB899772FBD7FA100D989D1 /* Debug */,
				6CB899782FBD7FA100D989D1 /* Release */,
			);
			defaultConfigurationIsVisible = 0;
			defaultConfigurationName = Release;
		};
		6CB899792FBD7FA100D989D1 /* Build configuration list for PBXNativeTarget "Travel BuddyTests" */ = {
			isa = XCConfigurationList;
			buildConfigurations = (
				6CB8997A2FBD7FA100D989D1 /* Debug */,
				6CB8997B2FBD7FA100D989D1 /* Release */,
			);
			defaultConfigurationIsVisible = 0;
			defaultConfigurationName = Release;
		};
		6CB8997C2FBD7FA100D989D1 /* Build configuration list for PBXNativeTarget "Travel BuddyUITests" */ = {
			isa = XCConfigurationList;
			buildConfigurations = (
				6CB8997D2FBD7FA100D989D1 /* Debug */,
				6CB8997E2FBD7FA100D989D1 /* Release */,
			);
			defaultConfigurationIsVisible = 0;
			defaultConfigurationName = Release;
		};
/* End XCConfigurationList section */

/* Begin XCRemoteSwiftPackageReference section */
		6C5A00022FE1000000000002 /* XCRemoteSwiftPackageReference "supabase-swift" */ = {
			isa = XCRemoteSwiftPackageReference;
			repositoryURL = "https://github.com/supabase/supabase-swift.git";
			requirement = {
				kind = upToNextMajorVersion;
				minimumVersion = 2.0.0;
			};
		};
/* End XCRemoteSwiftPackageReference section */

/* Begin XCSwiftPackageProductDependency section */
		6C5A00032FE1000000000003 /* Supabase */ = {
			isa = XCSwiftPackageProductDependency;
			package = 6C5A00022FE1000000000002 /* XCRemoteSwiftPackageReference "supabase-swift" */;
			productName = Supabase;
		};
/* End XCSwiftPackageProductDependency section */
	};
	rootObject = 6CB8994D2FBD7F9F00D989D1 /* Project object */;
}
